// !$*UTF8*$!
{
	archiveVersion = 1;
	classes = {
	};
	objectVersion = 55;
	objects = {

/* Begin PBXBuildFile section */
		567AC0E8282DF41800741A56 /* UIView+Extension.swift in Sources */ = {isa = PBXBuildFile; fileRef = 567AC0E7282DF41800741A56 /* UIView+Extension.swift */; };
		567AC0EA282DF60700741A56 /* UIViewController+Extension.swift in Sources */ = {isa = PBXBuildFile; fileRef = 567AC0E9282DF60700741A56 /* UIViewController+Extension.swift */; };
		56D6B989282A6E72007FBC60 /* Color+Extension.swift in Sources */ = {isa = PBXBuildFile; fileRef = 56D6B988282A6E72007FBC60 /* Color+Extension.swift */; };
		56D6B98B282A70FA007FBC60 /* LoginViewController.swift in Sources */ = {isa = PBXBuildFile; fileRef = 56D6B98A282A70FA007FBC60 /* LoginViewController.swift */; };
		56D6B98D282A763F007FBC60 /* RegisterViewController.swift in Sources */ = {isa = PBXBuildFile; fileRef = 56D6B98C282A763F007FBC60 /* RegisterViewController.swift */; };
		56E3B6F12824E0EE00F920FC /* AppDelegate.swift in Sources */ = {isa = PBXBuildFile; fileRef = 56E3B6F02824E0EE00F920FC /* AppDelegate.swift */; };
		56E3B6F32824E0EE00F920FC /* SceneDelegate.swift in Sources */ = {isa = PBXBuildFile; fileRef = 56E3B6F22824E0EE00F920FC /* SceneDelegate.swift */; };
		56E3B6F82824E0EE00F920FC /* Main.storyboard in Resources */ = {isa = PBXBuildFile; fileRef = 56E3B6F62824E0EE00F920FC /* Main.storyboard */; };
		56E3B6FA2824E0EE00F920FC /* Assets.xcassets in Resources */ = {isa = PBXBuildFile; fileRef = 56E3B6F92824E0EE00F920FC /* Assets.xcassets */; };
		56E3B6FD2824E0EE00F920FC /* LaunchScreen.storyboard in Resources */ = {isa = PBXBuildFile; fileRef = 56E3B6FB2824E0EE00F920FC /* LaunchScreen.storyboard */; };
		56E3B7082824E0EE00F920FC /* InstagramTests.swift in Sources */ = {isa = PBXBuildFile; fileRef = 56E3B7072824E0EE00F920FC /* InstagramTests.swift */; };
		56E3B7122824E0EE00F920FC /* InstagramUITests.swift in Sources */ = {isa = PBXBuildFile; fileRef = 56E3B7112824E0EE00F920FC /* InstagramUITests.swift */; };
		56E3B7142824E0EE00F920FC /* InstagramUITestsLaunchTests.swift in Sources */ = {isa = PBXBuildFile; fileRef = 56E3B7132824E0EE00F920FC /* InstagramUITestsLaunchTests.swift */; };
/* End PBXBuildFile section */

/* Begin PBXContainerItemProxy section */
		56E3B7042824E0EE00F920FC /* PBXContainerItemProxy */ = {
			isa = PBXContainerItemProxy;
			containerPortal = 56E3B6E52824E0ED00F920FC /* Project object */;
			proxyType = 1;
			remoteGlobalIDString = 56E3B6EC2824E0EE00F920FC;
			remoteInfo = Instagram;
		};
		56E3B70E2824E0EE00F920FC /* PBXContainerItemProxy */ = {
			isa = PBXContainerItemProxy;
			containerPortal = 56E3B6E52824E0ED00F920FC /* Project object */;
			proxyType = 1;
			remoteGlobalIDString = 56E3B6EC2824E0EE00F920FC;
			remoteInfo = Instagram;
		};
/* End PBXContainerItemProxy section */

/* Begin PBXFileReference section */
		567AC0E7282DF41800741A56 /* UIView+Extension.swift */ = {isa = PBXFileReference; lastKnownFileType = sourcecode.swift; path = "UIView+Extension.swift"; sourceTree = "<group>"; };
		567AC0E9282DF60700741A56 /* UIViewController+Extension.swift */ = {isa = PBXFileReference; lastKnownFileType = sourcecode.swift; path = "UIViewController+Extension.swift"; sourceTree = "<group>"; };
		56D6B988282A6E72007FBC60 /* Color+Extension.swift */ = {isa = PBXFileReference; lastKnownFileType = sourcecode.swift; path = "Color+Extension.swift"; sourceTree = "<group>"; };
		56D6B98A282A70FA007FBC60 /* LoginViewController.swift */ = {isa = PBXFileReference; lastKnownFileType = sourcecode.swift; path = LoginViewController.swift; sourceTree = "<group>"; };
		56D6B98C282A763F007FBC60 /* RegisterViewController.swift */ = {isa = PBXFileReference; lastKnownFileType = sourcecode.swift; path = RegisterViewController.swift; sourceTree = "<group>"; };
		56E3B6ED2824E0EE00F920FC /* Instagram.app */ = {isa = PBXFileReference; explicitFileType = wrapper.application; includeInIndex = 0; path = Instagram.app; sourceTree = BUILT_PRODUCTS_DIR; };
		56E3B6F02824E0EE00F920FC /* AppDelegate.swift */ = {isa = PBXFileReference; lastKnownFileType = sourcecode.swift; path = AppDelegate.swift; sourceTree = "<group>"; };
		56E3B6F22824E0EE00F920FC /* SceneDelegate.swift */ = {isa = PBXFileReference; lastKnownFileType = sourcecode.swift; path = SceneDelegate.swift; sourceTree = "<group>"; };
		56E3B6F72824E0EE00F920FC /* Base */ = {isa = PBXFileReference; lastKnownFileType = file.storyboard; name = Base; path = Base.lproj/Main.storyboard; sourceTree = "<group>"; };
		56E3B6F92824E0EE00F920FC /* Assets.xcassets */ = {isa = PBXFileReference; lastKnownFileType = folder.assetcatalog; path = Assets.xcassets; sourceTree = "<group>"; };
		56E3B6FC2824E0EE00F920FC /* Base */ = {isa = PBXFileReference; lastKnownFileType = file.storyboard; name = Base; path = Base.lproj/LaunchScreen.storyboard; sourceTree = "<group>"; };
		56E3B6FE2824E0EE00F920FC /* Info.plist */ = {isa = PBXFileReference; lastKnownFileType = text.plist.xml; path = Info.plist; sourceTree = "<group>"; };
		56E3B7032824E0EE00F920FC /* InstagramTests.xctest */ = {isa = PBXFileReference; explicitFileType = wrapper.cfbundle; includeInIndex = 0; path = InstagramTests.xctest; sourceTree = BUILT_PRODUCTS_DIR; };
		56E3B7072824E0EE00F920FC /* InstagramTests.swift */ = {isa = PBXFileReference; lastKnownFileType = sourcecode.swift; path = InstagramTests.swift; sourceTree = "<group>"; };
		56E3B70D2824E0EE00F920FC /* InstagramUITests.xctest */ = {isa = PBXFileReference; explicitFileType = wrapper.cfbundle; includeInIndex = 0; path = InstagramUITests.xctest; sourceTree = BUILT_PRODUCTS_DIR; };
		56E3B7112824E0EE00F920FC /* InstagramUITests.swift */ = {isa = PBXFileReference; lastKnownFileType = sourcecode.swift; path = InstagramUITests.swift; sourceTree = "<group>"; };
		56E3B7132824E0EE00F920FC /* InstagramUITestsLaunchTests.swift */ = {isa = PBXFileReference; lastKnownFileType = sourcecode.swift; path = InstagramUITestsLaunchTests.swift; sourceTree = "<group>"; };
/* End PBXFileReference section */

/* Begin PBXFrameworksBuildPhase section */
		56E3B6EA2824E0EE00F920FC /* Frameworks */ = {
			isa = PBXFrameworksBuildPhase;
			buildActionMask = 2147483647;
			files = (
			);
			runOnlyForDeploymentPostprocessing = 0;
		};
		56E3B7002824E0EE00F920FC /* Frameworks */ = {
			isa = PBXFrameworksBuildPhase;
			buildActionMask = 2147483647;
			files = (
			);
			runOnlyForDeploymentPostprocessing = 0;
		};
		56E3B70A2824E0EE00F920FC /* Frameworks */ = {
			isa = PBXFrameworksBuildPhase;
			buildActionMask = 2147483647;
			files = (
			);
			runOnlyForDeploymentPostprocessing = 0;
		};
/* End PBXFrameworksBuildPhase section */

/* Begin PBXGroup section */
		56E3B6E42824E0ED00F920FC = {
			isa = PBXGroup;
			children = (
				56D6B98C282A763F007FBC60 /* RegisterViewController.swift */,
				56E3B6EF2824E0EE00F920FC /* Instagram */,
				56E3B7062824E0EE00F920FC /* InstagramTests */,
				56E3B7102824E0EE00F920FC /* InstagramUITests */,
				56E3B6EE2824E0EE00F920FC /* Products */,
			);
			sourceTree = "<group>";
		};
		56E3B6EE2824E0EE00F920FC /* Products */ = {
			isa = PBXGroup;
			children = (
				56E3B6ED2824E0EE00F920FC /* Instagram.app */,
				56E3B7032824E0EE00F920FC /* InstagramTests.xctest */,
				56E3B70D2824E0EE00F920FC /* InstagramUITests.xctest */,
			);
			name = Products;
			sourceTree = "<group>";
		};
		56E3B6EF2824E0EE00F920FC /* Instagram */ = {
			isa = PBXGroup;
			children = (
				56E3B6F02824E0EE00F920FC /* AppDelegate.swift */,
				56E3B6F22824E0EE00F920FC /* SceneDelegate.swift */,
				56E3B6F62824E0EE00F920FC /* Main.storyboard */,
				56D6B98A282A70FA007FBC60 /* LoginViewController.swift */,
				56E3B6F92824E0EE00F920FC /* Assets.xcassets */,
				56E3B6FB2824E0EE00F920FC /* LaunchScreen.storyboard */,
				56E3B6FE2824E0EE00F920FC /* Info.plist */,
				56D6B988282A6E72007FBC60 /* Color+Extension.swift */,
				567AC0E7282DF41800741A56 /* UIView+Extension.swift */,
				567AC0E9282DF60700741A56 /* UIViewController+Extension.swift */,
			);
			path = Instagram;
			sourceTree = "<group>";
		};
		56E3B7062824E0EE00F920FC /* InstagramTests */ = {
			isa = PBXGroup;
			children = (
				56E3B7072824E0EE00F920FC /* InstagramTests.swift */,
			);
			path = InstagramTests;
			sourceTree = "<group>";
		};
		56E3B7102824E0EE00F920FC /* InstagramUITests */ = {
			isa = PBXGroup;
			children = (
				56E3B7112824E0EE00F920FC /* InstagramUITests.swift */,
				56E3B7132824E0EE00F920FC /* InstagramUITestsLaunchTests.swift */,
			);
			path = InstagramUITests;
			sourceTree = "<group>";
		};
/* End PBXGroup section */

/* Begin PBXNativeTarget section */
		56E3B6EC2824E0EE00F920FC /* Instagram */ = {
			isa = PBXNativeTarget;
			buildConfigurationList = 56E3B7172824E0EE00F920FC /* Build configuration list for PBXNativeTarget "Instagram" */;
			buildPhases = (
				56E3B6E92824E0EE00F920FC /* Sources */,
				56E3B6EA2824E0EE00F920FC /* Frameworks */,
				56E3B6EB2824E0EE00F920FC /* Resources */,
			);
			buildRules = (
			);
			dependencies = (
			);
			name = Instagram;
			productName = Instagram;
			productReference = 56E3B6ED2824E0EE00F920FC /* Instagram.app */;
			productType = "com.apple.product-type.application";
		};
		56E3B7022824E0EE00F920FC /* InstagramTests */ = {
			isa = PBXNativeTarget;
			buildConfigurationList = 56E3B71A2824E0EE00F920FC /* Build configuration list for PBXNativeTarget "InstagramTests" */;
			buildPhases = (
				56E3B6FF2824E0EE00F920FC /* Sources */,
				56E3B7002824E0EE00F920FC /* Frameworks */,
				56E3B7012824E0EE00F920FC /* Resources */,
			);
			buildRules = (
			);
			dependencies = (
				56E3B7052824E0EE00F920FC /* PBXTargetDependency */,
			);
			name = InstagramTests;
			productName = InstagramTests;
			productReference = 56E3B7032824E0EE00F920FC /* InstagramTests.xctest */;
			productType = "com.apple.product-type.bundle.unit-test";
		};
		56E3B70C2824E0EE00F920FC /* InstagramUITests */ = {
			isa = PBXNativeTarget;
			buildConfigurationList = 56E3B71D2824E0EE00F920FC /* Build configuration list for PBXNativeTarget "InstagramUITests" */;
			buildPhases = (
				56E3B7092824E0EE00F920FC /* Sources */,
				56E3B70A2824E0EE00F920FC /* Frameworks */,
				56E3B70B2824E0EE00F920FC /* Resources */,
			);
			buildRules = (
			);
			dependencies = (
				56E3B70F2824E0EE00F920FC /* PBXTargetDependency */,
			);
			name = InstagramUITests;
			productName = InstagramUITests;
			productReference = 56E3B70D2824E0EE00F920FC /* InstagramUITests.xctest */;
			productType = "com.apple.product-type.bundle.ui-testing";
		};
/* End PBXNativeTarget section */

/* Begin PBXProject section */
		56E3B6E52824E0ED00F920FC /* Project object */ = {
			isa = PBXProject;
			attributes = {
				BuildIndependentTargetsInParallel = 1;
				LastSwiftUpdateCheck = 1330;
				LastUpgradeCheck = 1330;
				TargetAttributes = {
					56E3B6EC2824E0EE00F920FC = {
						CreatedOnToolsVersion = 13.3.1;
					};
					56E3B7022824E0EE00F920FC = {
						CreatedOnToolsVersion = 13.3.1;
						TestTargetID = 56E3B6EC2824E0EE00F920FC;
					};
					56E3B70C2824E0EE00F920FC = {
						CreatedOnToolsVersion = 13.3.1;
						TestTargetID = 56E3B6EC2824E0EE00F920FC;
					};
				};
			};
			buildConfigurationList = 56E3B6E82824E0ED00F920FC /* Build configuration list for PBXProject "Instagram" */;
			compatibilityVersion = "Xcode 13.0";
			developmentRegion = en;
			hasScannedForEncodings = 0;
			knownRegions = (
				en,
				Base,
			);
			mainGroup = 56E3B6E42824E0ED00F920FC;
			productRefGroup = 56E3B6EE2824E0EE00F920FC /* Products */;
			projectDirPath = "";
			projectRoot = "";
			targets = (
				56E3B6EC2824E0EE00F920FC /* Instagram */,
				56E3B7022824E0EE00F920FC /* InstagramTests */,
				56E3B70C2824E0EE00F920FC /* InstagramUITests */,
			);
		};
/* End PBXProject section */

/* Begin PBXResourcesBuildPhase section */
		56E3B6EB2824E0EE00F920FC /* Resources */ = {
			isa = PBXResourcesBuildPhase;
			buildActionMask = 2147483647;
			files = (
				56E3B6FD2824E0EE00F920FC /* LaunchScreen.storyboard in Resources */,
				56E3B6FA2824E0EE00F920FC /* Assets.xcassets in Resources */,
				56E3B6F82824E0EE00F920FC /* Main.storyboard in Resources */,
			);
			runOnlyForDeploymentPostprocessing = 0;
		};
		56E3B7012824E0EE00F920FC /* Resources */ = {
			isa = PBXResourcesBuildPhase;
			buildActionMask = 2147483647;
			files = (
			);
			runOnlyForDeploymentPostprocessing = 0;
		};
		56E3B70B2824E0EE00F920FC /* Resources */ = {
			isa = PBXResourcesBuildPhase;
			buildActionMask = 2147483647;
			files = (
			);
			runOnlyForDeploymentPostprocessing = 0;
		};
/* End PBXResourcesBuildPhase section */

/* Begin PBXSourcesBuildPhase section */
		56E3B6E92824E0EE00F920FC /* Sources */ = {
			isa = PBXSourcesBuildPhase;
			buildActionMask = 2147483647;
			files = (
				567AC0E8282DF41800741A56 /* UIView+Extension.swift in Sources */,
				56D6B98B282A70FA007FBC60 /* LoginViewController.swift in Sources */,
				56D6B98D282A763F007FBC60 /* RegisterViewController.swift in Sources */,
				56E3B6F12824E0EE00F920FC /* AppDelegate.swift in Sources */,
				567AC0EA282DF60700741A56 /* UIViewController+Extension.swift in Sources */,
				56E3B6F32824E0EE00F920FC /* SceneDelegate.swift in Sources */,
				56D6B989282A6E72007FBC60 /* Color+Extension.swift in Sources */,
			);
			runOnlyForDeploymentPostprocessing = 0;
		};
		56E3B6FF2824E0EE00F920FC /* Sources */ = {
			isa = PBXSourcesBuildPhase;
			buildActionMask = 2147483647;
			files = (
				56E3B7082824E0EE00F920FC /* InstagramTests.swift in Sources */,
			);
			runOnlyForDeploymentPostprocessing = 0;
		};
		56E3B7092824E0EE00F920FC /* Sources */ = {
			isa = PBXSourcesBuildPhase;
			buildActionMask = 2147483647;
			files = (
				56E3B7122824E0EE00F920FC /* InstagramUITests.swift in Sources */,
				56E3B7142824E0EE00F920FC /* InstagramUITestsLaunchTests.swift in Sources */,
			);
			runOnlyForDeploymentPostprocessing = 0;
		};
/* End PBXSourcesBuildPhase section */

/* Begin PBXTargetDependency section */
		56E3B7052824E0EE00F920FC /* PBXTargetDependency */ = {
			isa = PBXTargetDependency;
			target = 56E3B6EC2824E0EE00F920FC /* Instagram */;
			targetProxy = 56E3B7042824E0EE00F920FC /* PBXContainerItemProxy */;
		};
		56E3B70F2824E0EE00F920FC /* PBXTargetDependency */ = {
			isa = PBXTargetDependency;
			target = 56E3B6EC2824E0EE00F920FC /* Instagram */;
			targetProxy = 56E3B70E2824E0EE00F920FC /* PBXContainerItemProxy */;
		};
/* End PBXTargetDependency section */

/* Begin PBXVariantGroup section */
		56E3B6F62824E0EE00F920FC /* Main.storyboard */ = {
			isa = PBXVariantGroup;
			children = (
				56E3B6F72824E0EE00F920FC /* Base */,
			);
			name = Main.storyboard;
			sourceTree = "<group>";
		};
		56E3B6FB2824E0EE00F920FC /* LaunchScreen.storyboard */ = {
			isa = PBXVariantGroup;
			children = (
				56E3B6FC2824E0EE00F920FC /* Base */,
			);
			name = LaunchScreen.storyboard;
			sourceTree = "<group>";
		};
/* End PBXVariantGroup section */

/* Begin XCBuildConfiguration section */
		56E3B7152824E0EE00F920FC /* Debug */ = {
			isa = XCBuildConfiguration;
			buildSettings = {
				ALWAYS_SEARCH_USER_PATHS = NO;
				CLANG_ANALYZER_NONNULL = YES;
				CLANG_ANALYZER_NUMBER_OBJECT_CONVERSION = YES_AGGRESSIVE;
				CLANG_CXX_LANGUAGE_STANDARD = "gnu++17";
				CLANG_ENABLE_MODULES = YES;
				CLANG_ENABLE_OBJC_ARC = YES;
				CLANG_ENABLE_OBJC_WEAK = YES;
				CLANG_WARN_BLOCK_CAPTURE_AUTORELEASING = YES;
				CLANG_WARN_BOOL_CONVERSION = YES;
				CLANG_WARN_COMMA = YES;
				CLANG_WARN_CONSTANT_CONVERSION = YES;
				CLANG_WARN_DEPRECATED_OBJC_IMPLEMENTATIONS = YES;
				CLANG_WARN_DIRECT_OBJC_ISA_USAGE = YES_ERROR;
				CLANG_WARN_DOCUMENTATION_COMMENTS = YES;
				CLANG_WARN_EMPTY_BODY = YES;
				CLANG_WARN_ENUM_CONVERSION = YES;
				CLANG_WARN_INFINITE_RECURSION = YES;
				CLANG_WARN_INT_CONVERSION = YES;
				CLANG_WARN_NON_LITERAL_NULL_CONVERSION = YES;
				CLANG_WARN_OBJC_IMPLICIT_RETAIN_SELF = YES;
				CLANG_WARN_OBJC_LITERAL_CONVERSION = YES;
				CLANG_WARN_OBJC_ROOT_CLASS = YES_ERROR;
				CLANG_WARN_QUOTED_INCLUDE_IN_FRAMEWORK_HEADER = YES;
				CLANG_WARN_RANGE_LOOP_ANALYSIS = YES;
				CLANG_WARN_STRICT_PROTOTYPES = YES;
				CLANG_WARN_SUSPICIOUS_MOVE = YES;
				CLANG_WARN_UNGUARDED_AVAILABILITY = YES_AGGRESSIVE;
				CLANG_WARN_UNREACHABLE_CODE = YES;
				CLANG_WARN__DUPLICATE_METHOD_MATCH = YES;
				COPY_PHASE_STRIP = NO;
				DEBUG_INFORMATION_FORMAT = dwarf;
				ENABLE_STRICT_OBJC_MSGSEND = YES;
				ENABLE_TESTABILITY = YES;
				GCC_C_LANGUAGE_STANDARD = gnu11;
				GCC_DYNAMIC_NO_PIC = NO;
				GCC_NO_COMMON_BLOCKS = YES;
				GCC_OPTIMIZATION_LEVEL = 0;
				GCC_PREPROCESSOR_DEFINITIONS = (
					"DEBUG=1",
					"$(inherited)",
				);
				GCC_WARN_64_TO_32_BIT_CONVERSION = YES;
				GCC_WARN_ABOUT_RETURN_TYPE = YES_ERROR;
				GCC_WARN_UNDECLARED_SELECTOR = YES;
				GCC_WARN_UNINITIALIZED_AUTOS = YES_AGGRESSIVE;
				GCC_WARN_UNUSED_FUNCTION = YES;
				GCC_WARN_UNUSED_VARIABLE = YES;
				IPHONEOS_DEPLOYMENT_TARGET = 15.4;
				MTL_ENABLE_DEBUG_INFO = INCLUDE_SOURCE;
				MTL_FAST_MATH = YES;
				ONLY_ACTIVE_ARCH = YES;
				SDKROOT = iphoneos;
				SWIFT_ACTIVE_COMPILATION_CONDITIONS = DEBUG;
				SWIFT_OPTIMIZATION_LEVEL = "-Onone";
			};
			name = Debug;
		};
		56E3B7162824E0EE00F920FC /* Release */ = {
			isa = XCBuildConfiguration;
			buildSettings = {
				ALWAYS_SEARCH_USER_PATHS = NO;
				CLANG_ANALYZER_NONNULL = YES;
				CLANG_ANALYZER_NUMBER_OBJECT_CONVERSION = YES_AGGRESSIVE;
				CLANG_CXX_LANGUAGE_STANDARD = "gnu++17";
				CLANG_ENABLE_MODULES = YES;
				CLANG_ENABLE_OBJC_ARC = YES;
				CLANG_ENABLE_OBJC_WEAK = YES;
				CLANG_WARN_BLOCK_CAPTURE_AUTORELEASING = YES;
				CLANG_WARN_BOOL_CONVERSION = YES;
				CLANG_WARN_COMMA = YES;
				CLANG_WARN_CONSTANT_CONVERSION = YES;
				CLANG_WARN_DEPRECATED_OBJC_IMPLEMENTATIONS = YES;
				CLANG_WARN_DIRECT_OBJC_ISA_USAGE = YES_ERROR;
				CLANG_WARN_DOCUMENTATION_COMMENTS = YES;
				CLANG_WARN_EMPTY_BODY = YES;
				CLANG_WARN_ENUM_CONVERSION = YES;
				CLANG_WARN_INFINITE_RECURSION = YES;
				CLANG_WARN_INT_CONVERSION = YES;
				CLANG_WARN_NON_LITERAL_NULL_CONVERSION = YES;
				CLANG_WARN_OBJC_IMPLICIT_RETAIN_SELF = YES;
				CLANG_WARN_OBJC_LITERAL_CONVERSION = YES;
				CLANG_WARN_OBJC_ROOT_CLASS = YES_ERROR;
				CLANG_WARN_QUOTED_INCLUDE_IN_FRAMEWORK_HEADER = YES;
				CLANG_WARN_RANGE_LOOP_ANALYSIS = YES;
				CLANG_WARN_STRICT_PROTOTYPES = YES;
				CLANG_WARN_SUSPICIOUS_MOVE = YES;
				CLANG_WARN_UNGUARDED_AVAILABILITY = YES_AGGRESSIVE;
				CLANG_WARN_UNREACHABLE_CODE = YES;
				CLANG_WARN__DUPLICATE_METHOD_MATCH = YES;
				COPY_PHASE_STRIP = NO;
				DEBUG_INFORMATION_FORMAT = "dwarf-with-dsym";
				ENABLE_NS_ASSERTIONS = NO;
				ENABLE_STRICT_OBJC_MSGSEND = YES;
				GCC_C_LANGUAGE_STANDARD = gnu11;
				GCC_NO_COMMON_BLOCKS = YES;
				GCC_WARN_64_TO_32_BIT_CONVERSION = YES;
				GCC_WARN_ABOUT_RETURN_TYPE = YES_ERROR;
				GCC_WARN_UNDECLARED_SELECTOR = YES;
				GCC_WARN_UNINITIALIZED_AUTOS = YES_AGGRESSIVE;
				GCC_WARN_UNUSED_FUNCTION = YES;
				GCC_WARN_UNUSED_VARIABLE = YES;
				IPHONEOS_DEPLOYMENT_TARGET = 15.4;
				MTL_ENABLE_DEBUG_INFO = NO;
				MTL_FAST_MATH = YES;
				SDKROOT = iphoneos;
				SWIFT_COMPILATION_MODE = wholemodule;
				SWIFT_OPTIMIZATION_LEVEL = "-O";
				VALIDATE_PRODUCT = YES;
			};
			name = Release;
		};
		56E3B7182824E0EE00F920FC /* Debug */ = {
			isa = XCBuildConfiguration;
			buildSettings = {
				ASSETCATALOG_COMPILER_APPICON_NAME = AppIcon;
				ASSETCATALOG_COMPILER_GLOBAL_ACCENT_COLOR_NAME = AccentColor;
				CODE_SIGN_STYLE = Automatic;
				CURRENT_PROJECT_VERSION = 1;
				DEVELOPMENT_TEAM = 94SDPQL6FL;
				GENERATE_INFOPLIST_FILE = YES;
				INFOPLIST_FILE = Instagram/Info.plist;
				INFOPLIST_KEY_UIApplicationSupportsIndirectInputEvents = YES;
				INFOPLIST_KEY_UILaunchStoryboardName = LaunchScreen;
				INFOPLIST_KEY_UIMainStoryboardFile = Main;
				INFOPLIST_KEY_UISupportedInterfaceOrientations_iPad = "UIInterfaceOrientationPortrait UIInterfaceOrientationPortraitUpsideDown UIInterfaceOrientationLandscapeLeft UIInterfaceOrientationLandscapeRight";
				INFOPLIST_KEY_UISupportedInterfaceOrientations_iPhone = "UIInterfaceOrientationPortrait UIInterfaceOrientationLandscapeLeft UIInterfaceOrientationLandscapeRight";
				LD_RUNPATH_SEARCH_PATHS = (
					"$(inherited)",
					"@executable_path/Frameworks",
				);
				MARKETING_VERSION = 1.0;
				PRODUCT_BUNDLE_IDENTIFIER = manyyeon.Instagram;
				PRODUCT_NAME = "$(TARGET_NAME)";
				SWIFT_EMIT_LOC_STRINGS = YES;
				SWIFT_VERSION = 5.0;
				TARGETED_DEVICE_FAMILY = "1,2";
			};
			name = Debug;
		};
		56E3B7192824E0EE00F920FC /* Release */ = {
			isa = XCBuildConfiguration;
			buildSettings = {
				ASSETCATALOG_COMPILER_APPICON_NAME = AppIcon;
				ASSETCATALOG_COMPILER_GLOBAL_ACCENT_COLOR_NAME = AccentColor;
				CODE_SIGN_STYLE = Automatic;
				CURRENT_PROJECT_VERSION = 1;
				DEVELOPMENT_TEAM = 94SDPQL6FL;
				GENERATE_INFOPLIST_FILE = YES;
				INFOPLIST_FILE = Instagram/Info.plist;
				INFOPLIST_KEY_UIApplicationSupportsIndirectInputEvents = YES;
				INFOPLIST_KEY_UILaunchStoryboardName = LaunchScreen;
				INFOPLIST_KEY_UIMainStoryboardFile = Main;
				INFOPLIST_KEY_UISupportedInterfaceOrientations_iPad = "UIInterfaceOrientationPortrait UIInterfaceOrientationPortraitUpsideDown UIInterfaceOrientationLandscapeLeft UIInterfaceOrientationLandscapeRight";
				INFOPLIST_KEY_UISupportedInterfaceOrientations_iPhone = "UIInterfaceOrientationPortrait UIInterfaceOrientationLandscapeLeft UIInterfaceOrientationLandscapeRight";
				LD_RUNPATH_SEARCH_PATHS = (
					"$(inherited)",
					"@executable_path/Frameworks",
				);
				MARKETING_VERSION = 1.0;
				PRODUCT_BUNDLE_IDENTIFIER = manyyeon.Instagram;
				PRODUCT_NAME = "$(TARGET_NAME)";
				SWIFT_EMIT_LOC_STRINGS = YES;
				SWIFT_VERSION = 5.0;
				TARGETED_DEVICE_FAMILY = "1,2";
			};
			name = Release;
		};
		56E3B71B2824E0EE00F920FC /* Debug */ = {
			isa = XCBuildConfiguration;
			buildSettings = {
				ALWAYS_EMBED_SWIFT_STANDARD_LIBRARIES = YES;
				BUNDLE_LOADER = "$(TEST_HOST)";
				CODE_SIGN_STYLE = Automatic;
				CURRENT_PROJECT_VERSION = 1;
				GENERATE_INFOPLIST_FILE = YES;
				IPHONEOS_DEPLOYMENT_TARGET = 15.4;
				MARKETING_VERSION = 1.0;
				PRODUCT_BUNDLE_IDENTIFIER = manyyeon.InstagramTests;
				PRODUCT_NAME = "$(TARGET_NAME)";
				SWIFT_EMIT_LOC_STRINGS = NO;
				SWIFT_VERSION = 5.0;
				TARGETED_DEVICE_FAMILY = "1,2";
				TEST_HOST = "$(BUILT_PRODUCTS_DIR)/Instagram.app/Instagram";
			};
			name = Debug;
		};
		56E3B71C2824E0EE00F920FC /* Release */ = {
			isa = XCBuildConfiguration;
			buildSettings = {
				ALWAYS_EMBED_SWIFT_STANDARD_LIBRARIES = YES;
				BUNDLE_LOADER = "$(TEST_HOST)";
				CODE_SIGN_STYLE = Automatic;
				CURRENT_PROJECT_VERSION = 1;
				GENERATE_INFOPLIST_FILE = YES;
				IPHONEOS_DEPLOYMENT_TARGET = 15.4;
				MARKETING_VERSION = 1.0;
				PRODUCT_BUNDLE_IDENTIFIER = manyyeon.InstagramTests;
				PRODUCT_NAME = "$(TARGET_NAME)";
				SWIFT_EMIT_LOC_STRINGS = NO;
				SWIFT_VERSION = 5.0;
				TARGETED_DEVICE_FAMILY = "1,2";
				TEST_HOST = "$(BUILT_PRODUCTS_DIR)/Instagram.app/Instagram";
			};
			name = Release;
		};
		56E3B71E2824E0EE00F920FC /* Debug */ = {
			isa = XCBuildConfiguration;
			buildSettings = {
				ALWAYS_EMBED_SWIFT_STANDARD_LIBRARIES = YES;
				CODE_SIGN_STYLE = Automatic;
				CURRENT_PROJECT_VERSION = 1;
				GENERATE_INFOPLIST_FILE = YES;
				MARKETING_VERSION = 1.0;
				PRODUCT_BUNDLE_IDENTIFIER = manyyeon.InstagramUITests;
				PRODUCT_NAME = "$(TARGET_NAME)";
				SWIFT_EMIT_LOC_STRINGS = NO;
				SWIFT_VERSION = 5.0;
				TARGETED_DEVICE_FAMILY = "1,2";
				TEST_TARGET_NAME = Instagram;
			};
			name = Debug;
		};
		56E3B71F2824E0EE00F920FC /* Release */ = {
			isa = XCBuildConfiguration;
			buildSettings = {
				ALWAYS_EMBED_SWIFT_STANDARD_LIBRARIES = YES;
				CODE_SIGN_STYLE = Automatic;
				CURRENT_PROJECT_VERSION = 1;
				GENERATE_INFOPLIST_FILE = YES;
				MARKETING_VERSION = 1.0;
				PRODUCT_BUNDLE_IDENTIFIER = manyyeon.InstagramUITests;
				PRODUCT_NAME = "$(TARGET_NAME)";
				SWIFT_EMIT_LOC_STRINGS = NO;
				SWIFT_VERSION = 5.0;
				TARGETED_DEVICE_FAMILY = "1,2";
				TEST_TARGET_NAME = Instagram;
			};
			name = Release;
		};
/* End XCBuildConfiguration section */

/* Begin XCConfigurationList section */
		56E3B6E82824E0ED00F920FC /* Build configuration list for PBXProject "Instagram" */ = {
			isa = XCConfigurationList;
			buildConfigurations = (
				56E3B7152824E0EE00F920FC /* Debug */,
				56E3B7162824E0EE00F920FC /* Release */,
			);
			defaultConfigurationIsVisible = 0;
			defaultConfigurationName = Release;
		};
		56E3B7172824E0EE00F920FC /* Build configuration list for PBXNativeTarget "Instagram" */ = {
			isa = XCConfigurationList;
			buildConfigurations = (
				56E3B7182824E0EE00F920FC /* Debug */,
				56E3B7192824E0EE00F920FC /* Release */,
			);
			defaultConfigurationIsVisible = 0;
			defaultConfigurationName = Release;
		};
		56E3B71A2824E0EE00F920FC /* Build configuration list for PBXNativeTarget "InstagramTests" */ = {
			isa = XCConfigurationList;
			buildConfigurations = (
				56E3B71B2824E0EE00F920FC /* Debug */,
				56E3B71C2824E0EE00F920FC /* Release */,
			);
			defaultConfigurationIsVisible = 0;
			defaultConfigurationName = Release;
		};
		56E3B71D2824E0EE00F920FC /* Build configuration list for PBXNativeTarget "InstagramUITests" */ = {
			isa = XCConfigurationList;
			buildConfigurations = (
				56E3B71E2824E0EE00F920FC /* Debug */,
				56E3B71F2824E0EE00F920FC /* Release */,
			);
			defaultConfigurationIsVisible = 0;
			defaultConfigurationName = Release;
		};
/* End XCConfigurationList section */
	};
	rootObject = 56E3B6E52824E0ED00F920FC /* Project object */;
}
